
Microsoft Visual Studio Solution File, Format Version 12.00
# Visual Studio Version 16
VisualStudioVersion = 16.0.32929.386
MinimumVisualStudioVersion = 10.0.40219.1
Project("{FAE04EC0-301F-11D3-BF4B-00C04F79EFBC}") = "prime number (discret)", "prime number (discret).csproj", "{B6E76EA6-78D1-4D0B-8996-F05152392EF8}"
EndProject
Global
	GlobalSection(SolutionConfigurationPlatforms) = preSolution
		Debug|Any CPU = Debug|Any CPU
		Release|Any CPU = Release|Any CPU
	EndGlobalSection
	GlobalSection(ProjectConfigurationPlatforms) = postSolution
		{B6E76EA6-78D1-4D0B-8996-F05152392EF8}.Debug|Any CPU.ActiveCfg = Debug|Any CPU
		{B6E76EA6-78D1-4D0B-8996-F05152392EF8}.Debug|Any CPU.Build.0 = Debug|Any CPU
		{B6E76EA6-78D1-4D0B-8996-F05152392EF8}.Release|Any CPU.ActiveCfg = Release|Any CPU
		{B6E76EA6-78D1-4D0B-8996-F05152392EF8}.Release|Any CPU.Build.0 = Release|Any CPU
	EndGlobalSection
	GlobalSection(SolutionProperties) = preSolution
		HideSolutionNode = FALSE
	EndGlobalSection
	GlobalSection(ExtensibilityGlobals) = postSolution
		SolutionGuid = {3940AC7C-C376-4768-9949-1B72BFDC45CA}
	EndGlobalSection
EndGlobal
